
Microsoft Visual Studio Solution File, Format Version 12.00
# Visual Studio Version 16
VisualStudioVersion = 16.0.30011.22
MinimumVisualStudioVersion = 10.0.40219.1
Project("{FAE04EC0-301F-11D3-BF4B-00C04F79EFBC}") = "Hello_iOS", "Hello_iOS\Hello_iOS.csproj", "{D072B94D-6DB5-4767-8F51-ED40AD4448BE}"
EndProject
Global
	GlobalSection(SolutionConfigurationPlatforms) = preSolution
		Debug|iPhone = Debug|iPhone
		Debug|iPhoneSimulator = Debug|iPhoneSimulator
		Release|iPhone = Release|iPhone
		Release|iPhoneSimulator = Release|iPhoneSimulator
	EndGlobalSection
	GlobalSection(ProjectConfigurationPlatforms) = postSolution
		{D072B94D-6DB5-4767-8F51-ED40AD4448BE}.Debug|iPhone.ActiveCfg = Debug|iPhone
		{D072B94D-6DB5-4767-8F51-ED40AD4448BE}.Debug|iPhone.Build.0 = Debug|iPhone
		{D072B94D-6DB5-4767-8F51-ED40AD4448BE}.Debug|iPhone.Deploy.0 = Debug|iPhone
		{D072B94D-6DB5-4767-8F51-ED40AD4448BE}.Debug|iPhoneSimulator.ActiveCfg = Debug|iPhoneSimulator
		{D072B94D-6DB5-4767-8F51-ED40AD4448BE}.Debug|iPhoneSimulator.Build.0 = Debug|iPhoneSimulator
		{D072B94D-6DB5-4767-8F51-ED40AD4448BE}.Debug|iPhoneSimulator.Deploy.0 = Debug|iPhoneSimulator
		{D072B94D-6DB5-4767-8F51-ED40AD4448BE}.Release|iPhone.ActiveCfg = Release|iPhone
		{D072B94D-6DB5-4767-8F51-ED40AD4448BE}.Release|iPhone.Build.0 = Release|iPhone
		{D072B94D-6DB5-4767-8F51-ED40AD4448BE}.Release|iPhone.Deploy.0 = Release|iPhone
		{D072B94D-6DB5-4767-8F51-ED40AD4448BE}.Release|iPhoneSimulator.ActiveCfg = Release|iPhoneSimulator
		{D072B94D-6DB5-4767-8F51-ED40AD4448BE}.Release|iPhoneSimulator.Build.0 = Release|iPhoneSimulator
		{D072B94D-6DB5-4767-8F51-ED40AD4448BE}.Release|iPhoneSimulator.Deploy.0 = Release|iPhoneSimulator
	EndGlobalSection
	GlobalSection(SolutionProperties) = preSolution
		HideSolutionNode = FALSE
	EndGlobalSection
	GlobalSection(ExtensibilityGlobals) = postSolution
		SolutionGuid = {D9A4A303-AB17-4A5E-A21C-08FCDA4D7B6A}
	EndGlobalSection
EndGlobal
